
Microsoft Visual Studio Solution File, Format Version 12.00
# Visual Studio Version 17
VisualStudioVersion = 17.12.35514.174
MinimumVisualStudioVersion = 10.0.40219.1
Project("{FAE04EC0-301F-11D3-BF4B-00C04F79EFBC}") = "AuthifyPass.Entities", "src\AuthifyPass.Entities\AuthifyPass.Entities.csproj", "{40774B94-3C60-4E24-A2C3-6FAEAB37B32E}"
EndProject
Project("{FAE04EC0-301F-11D3-BF4B-00C04F79EFBC}") = "AuthifyPass.Views", "src\AuthifyPass.Views\AuthifyPass.Views.csproj", "{48D5CC66-1B77-4A09-BFBC-D449CED5115D}"
EndProject
Project("{FAE04EC0-301F-11D3-BF4B-00C04F79EFBC}") = "AuthifyPass.API", "src\AuthifyPass.API\AuthifyPass.API.csproj", "{5A960143-E920-4979-AB05-6D3700762577}"
EndProject
Project("{FAE04EC0-301F-11D3-BF4B-00C04F79EFBC}") = "AuthifyPass.Client", "src\AuthifyPass.Client\AuthifyPass.Client.csproj", "{46EF541E-F7C3-4D57-96E6-153FF45B298B}"
EndProject
Project("{FAE04EC0-301F-11D3-BF4B-00C04F79EFBC}") = "AuthifyPass.API.Core", "src\AuthifyPass.API.Core\AuthifyPass.API.Core.csproj", "{2114D7C0-2D38-456A-BF6E-C53FB6A105C5}"
EndProject
Project("{FAE04EC0-301F-11D3-BF4B-00C04F79EFBC}") = "AuthifyPass.API.Repositories", "src\AuthifyPass.API.Repositories\AuthifyPass.API.Repositories.csproj", "{3AF5BF86-4DA0-4C6A-A5EF-5DE523FF6C41}"
EndProject
Project("{FAE04EC0-301F-11D3-BF4B-00C04F79EFBC}") = "AuthifyPass.API.DataBaseContext.EF", "src\AuthifyPass.API.DataBaseContext.EF\AuthifyPass.API.DataBaseContext.EF.csproj", "{E6DCBEA2-E0F2-4651-9FF8-3434415922AF}"
EndProject
Project("{FAE04EC0-301F-11D3-BF4B-00C04F79EFBC}") = "AuthifyPass.API.UseCases", "src\AuthifyPass.API.UseCases\AuthifyPass.API.UseCases.csproj", "{8D32DAE9-31ED-4A02-95BA-7188DFE42EEB}"
EndProject
Project("{FAE04EC0-301F-11D3-BF4B-00C04F79EFBC}") = "AuthifyPass.API.IoC", "src\AuthifyPass.API.IoC\AuthifyPass.API.IoC.csproj", "{5B45560F-F94A-4352-9BC2-6CB97F3B7E1E}"
EndProject
Project("{2150E333-8FDC-42A3-9474-1A3956D46DE8}") = "Domain", "Domain", "{37AC58C5-7705-4CF3-A9E6-C4A836AE838D}"
EndProject
Project("{2150E333-8FDC-42A3-9474-1A3956D46DE8}") = "Application", "Application", "{C30DC508-F56D-4410-BC68-1E9FB3A3E833}"
EndProject
Project("{2150E333-8FDC-42A3-9474-1A3956D46DE8}") = "Infraestructure", "Infraestructure", "{76B01973-37FE-4546-B0AB-3CF81C47D173}"
EndProject
Project("{2150E333-8FDC-42A3-9474-1A3956D46DE8}") = "Presentation", "Presentation", "{F90F1F32-815E-4AA9-A2E1-5C96909485DB}"
EndProject
Project("{2150E333-8FDC-42A3-9474-1A3956D46DE8}") = "Frameworks", "Frameworks", "{18A21B55-5C37-4C6F-B690-A73339D2D7C6}"
EndProject
Project("{FAE04EC0-301F-11D3-BF4B-00C04F79EFBC}") = "AuthifyPass.FluentValidator", "src\AuthifyPass.FluentValidator\AuthifyPass.FluentValidator.csproj", "{6A4991CA-9A59-442D-B807-9DC5D8F0BF95}"
EndProject
Project("{FAE04EC0-301F-11D3-BF4B-00C04F79EFBC}") = "AuthifyPass.Client.Core", "src\AuthifyPass.Client.Core\AuthifyPass.Client.Core.csproj", "{6458F2CA-DEB0-42E9-9F0D-F62F8A1E9349}"
EndProject
Project("{FAE04EC0-301F-11D3-BF4B-00C04F79EFBC}") = "WebApiDocumentator", "D:\WebApiDocumentator\WebApiDocumentator\WebApiDocumentator.csproj", "{84B8000C-1621-E8C9-BBAC-DA562F6B2F32}"
EndProject
Global
	GlobalSection(SolutionConfigurationPlatforms) = preSolution
		Debug|Any CPU = Debug|Any CPU
		Release|Any CPU = Release|Any CPU
	EndGlobalSection
	GlobalSection(ProjectConfigurationPlatforms) = postSolution
		{40774B94-3C60-4E24-A2C3-6FAEAB37B32E}.Debug|Any CPU.ActiveCfg = Debug|Any CPU
		{40774B94-3C60-4E24-A2C3-6FAEAB37B32E}.Debug|Any CPU.Build.0 = Debug|Any CPU
		{40774B94-3C60-4E24-A2C3-6FAEAB37B32E}.Release|Any CPU.ActiveCfg = Release|Any CPU
		{40774B94-3C60-4E24-A2C3-6FAEAB37B32E}.Release|Any CPU.Build.0 = Release|Any CPU
		{48D5CC66-1B77-4A09-BFBC-D449CED5115D}.Debug|Any CPU.ActiveCfg = Debug|Any CPU
		{48D5CC66-1B77-4A09-BFBC-D449CED5115D}.Debug|Any CPU.Build.0 = Debug|Any CPU
		{48D5CC66-1B77-4A09-BFBC-D449CED5115D}.Release|Any CPU.ActiveCfg = Release|Any CPU
		{48D5CC66-1B77-4A09-BFBC-D449CED5115D}.Release|Any CPU.Build.0 = Release|Any CPU
		{5A960143-E920-4979-AB05-6D3700762577}.Debug|Any CPU.ActiveCfg = Debug|Any CPU
		{5A960143-E920-4979-AB05-6D3700762577}.Debug|Any CPU.Build.0 = Debug|Any CPU
		{5A960143-E920-4979-AB05-6D3700762577}.Release|Any CPU.ActiveCfg = Release|Any CPU
		{5A960143-E920-4979-AB05-6D3700762577}.Release|Any CPU.Build.0 = Release|Any CPU
		{46EF541E-F7C3-4D57-96E6-153FF45B298B}.Debug|Any CPU.ActiveCfg = Debug|Any CPU
		{46EF541E-F7C3-4D57-96E6-153FF45B298B}.Debug|Any CPU.Build.0 = Debug|Any CPU
		{46EF541E-F7C3-4D57-96E6-153FF45B298B}.Release|Any CPU.ActiveCfg = Release|Any CPU
		{46EF541E-F7C3-4D57-96E6-153FF45B298B}.Release|Any CPU.Build.0 = Release|Any CPU
		{2114D7C0-2D38-456A-BF6E-C53FB6A105C5}.Debug|Any CPU.ActiveCfg = Debug|Any CPU
		{2114D7C0-2D38-456A-BF6E-C53FB6A105C5}.Debug|Any CPU.Build.0 = Debug|Any CPU
		{2114D7C0-2D38-456A-BF6E-C53FB6A105C5}.Release|Any CPU.ActiveCfg = Release|Any CPU
		{2114D7C0-2D38-456A-BF6E-C53FB6A105C5}.Release|Any CPU.Build.0 = Release|Any CPU
		{3AF5BF86-4DA0-4C6A-A5EF-5DE523FF6C41}.Debug|Any CPU.ActiveCfg = Debug|Any CPU
		{3AF5BF86-4DA0-4C6A-A5EF-5DE523FF6C41}.Debug|Any CPU.Build.0 = Debug|Any CPU
		{3AF5BF86-4DA0-4C6A-A5EF-5DE523FF6C41}.Release|Any CPU.ActiveCfg = Release|Any CPU
		{3AF5BF86-4DA0-4C6A-A5EF-5DE523FF6C41}.Release|Any CPU.Build.0 = Release|Any CPU
		{E6DCBEA2-E0F2-4651-9FF8-3434415922AF}.Debug|Any CPU.ActiveCfg = Debug|Any CPU
		{E6DCBEA2-E0F2-4651-9FF8-3434415922AF}.Debug|Any CPU.Build.0 = Debug|Any CPU
		{E6DCBEA2-E0F2-4651-9FF8-3434415922AF}.Release|Any CPU.ActiveCfg = Release|Any CPU
		{E6DCBEA2-E0F2-4651-9FF8-3434415922AF}.Release|Any CPU.Build.0 = Release|Any CPU
		{8D32DAE9-31ED-4A02-95BA-7188DFE42EEB}.Debug|Any CPU.ActiveCfg = Debug|Any CPU
		{8D32DAE9-31ED-4A02-95BA-7188DFE42EEB}.Debug|Any CPU.Build.0 = Debug|Any CPU
		{8D32DAE9-31ED-4A02-95BA-7188DFE42EEB}.Release|Any CPU.ActiveCfg = Release|Any CPU
		{8D32DAE9-31ED-4A02-95BA-7188DFE42EEB}.Release|Any CPU.Build.0 = Release|Any CPU
		{5B45560F-F94A-4352-9BC2-6CB97F3B7E1E}.Debug|Any CPU.ActiveCfg = Debug|Any CPU
		{5B45560F-F94A-4352-9BC2-6CB97F3B7E1E}.Debug|Any CPU.Build.0 = Debug|Any CPU
		{5B45560F-F94A-4352-9BC2-6CB97F3B7E1E}.Release|Any CPU.ActiveCfg = Release|Any CPU
		{5B45560F-F94A-4352-9BC2-6CB97F3B7E1E}.Release|Any CPU.Build.0 = Release|Any CPU
		{6A4991CA-9A59-442D-B807-9DC5D8F0BF95}.Debug|Any CPU.ActiveCfg = Debug|Any CPU
		{6A4991CA-9A59-442D-B807-9DC5D8F0BF95}.Debug|Any CPU.Build.0 = Debug|Any CPU
		{6A4991CA-9A59-442D-B807-9DC5D8F0BF95}.Release|Any CPU.ActiveCfg = Release|Any CPU
		{6A4991CA-9A59-442D-B807-9DC5D8F0BF95}.Release|Any CPU.Build.0 = Release|Any CPU
		{6458F2CA-DEB0-42E9-9F0D-F62F8A1E9349}.Debug|Any CPU.ActiveCfg = Debug|Any CPU
		{6458F2CA-DEB0-42E9-9F0D-F62F8A1E9349}.Debug|Any CPU.Build.0 = Debug|Any CPU
		{6458F2CA-DEB0-42E9-9F0D-F62F8A1E9349}.Release|Any CPU.ActiveCfg = Release|Any CPU
		{6458F2CA-DEB0-42E9-9F0D-F62F8A1E9349}.Release|Any CPU.Build.0 = Release|Any CPU
		{84B8000C-1621-E8C9-BBAC-DA562F6B2F32}.Debug|Any CPU.ActiveCfg = Debug|Any CPU
		{84B8000C-1621-E8C9-BBAC-DA562F6B2F32}.Debug|Any CPU.Build.0 = Debug|Any CPU
		{84B8000C-1621-E8C9-BBAC-DA562F6B2F32}.Release|Any CPU.ActiveCfg = Release|Any CPU
		{84B8000C-1621-E8C9-BBAC-DA562F6B2F32}.Release|Any CPU.Build.0 = Release|Any CPU
	EndGlobalSection
	GlobalSection(SolutionProperties) = preSolution
		HideSolutionNode = FALSE
	EndGlobalSection
	GlobalSection(NestedProjects) = preSolution
		{40774B94-3C60-4E24-A2C3-6FAEAB37B32E} = {37AC58C5-7705-4CF3-A9E6-C4A836AE838D}
		{48D5CC66-1B77-4A09-BFBC-D449CED5115D} = {76B01973-37FE-4546-B0AB-3CF81C47D173}
		{5A960143-E920-4979-AB05-6D3700762577} = {F90F1F32-815E-4AA9-A2E1-5C96909485DB}
		{46EF541E-F7C3-4D57-96E6-153FF45B298B} = {F90F1F32-815E-4AA9-A2E1-5C96909485DB}
		{2114D7C0-2D38-456A-BF6E-C53FB6A105C5} = {C30DC508-F56D-4410-BC68-1E9FB3A3E833}
		{3AF5BF86-4DA0-4C6A-A5EF-5DE523FF6C41} = {76B01973-37FE-4546-B0AB-3CF81C47D173}
		{E6DCBEA2-E0F2-4651-9FF8-3434415922AF} = {18A21B55-5C37-4C6F-B690-A73339D2D7C6}
		{8D32DAE9-31ED-4A02-95BA-7188DFE42EEB} = {C30DC508-F56D-4410-BC68-1E9FB3A3E833}
		{5B45560F-F94A-4352-9BC2-6CB97F3B7E1E} = {F90F1F32-815E-4AA9-A2E1-5C96909485DB}
		{6A4991CA-9A59-442D-B807-9DC5D8F0BF95} = {18A21B55-5C37-4C6F-B690-A73339D2D7C6}
		{6458F2CA-DEB0-42E9-9F0D-F62F8A1E9349} = {C30DC508-F56D-4410-BC68-1E9FB3A3E833}
		{84B8000C-1621-E8C9-BBAC-DA562F6B2F32} = {18A21B55-5C37-4C6F-B690-A73339D2D7C6}
	EndGlobalSection
	GlobalSection(ExtensibilityGlobals) = postSolution
		SolutionGuid = {D01E4744-9A5F-4908-B75E-3F05DC913BAD}
	EndGlobalSection
EndGlobal
